
Microsoft Visual Studio Solution File, Format Version 12.00
# Visual Studio Version 17
VisualStudioVersion = 17.9.34723.18
MinimumVisualStudioVersion = 10.0.40219.1
Project("{9A19103F-16F7-4668-BE54-9A1E7A4F7556}") = "ElectronicGovernment.API", "ElectronicGovernment.API\ElectronicGovernment.API.csproj", "{DC106B02-41BD-4311-AC33-F360CC8BC8C4}"
EndProject
Project("{FAE04EC0-301F-11D3-BF4B-00C04F79EFBC}") = "ElectronicGovernment.DTO", "ElectronicGovernment.DTO\ElectronicGovernment.DTO.csproj", "{2B89B24F-37CA-4A80-B51E-27530643939D}"
EndProject
Project("{FAE04EC0-301F-11D3-BF4B-00C04F79EFBC}") = "ElectronicGovernment.Web", "ElectronicGovernment.Web\ElectronicGovernment.Web.csproj", "{B8BDA696-8132-45AF-8485-E27093AD989D}"
EndProject
Project("{FAE04EC0-301F-11D3-BF4B-00C04F79EFBC}") = "ElectronicGovernment.Mobile", "ElectronicGovernment.Mobile\ElectronicGovernment.Mobile.csproj", "{3E7905F5-4336-4FFF-A025-B2D4D00725FE}"
EndProject
Global
	GlobalSection(SolutionConfigurationPlatforms) = preSolution
		Debug|Any CPU = Debug|Any CPU
		Release|Any CPU = Release|Any CPU
	EndGlobalSection
	GlobalSection(ProjectConfigurationPlatforms) = postSolution
		{DC106B02-41BD-4311-AC33-F360CC8BC8C4}.Debug|Any CPU.ActiveCfg = Debug|Any CPU
		{DC106B02-41BD-4311-AC33-F360CC8BC8C4}.Debug|Any CPU.Build.0 = Debug|Any CPU
		{DC106B02-41BD-4311-AC33-F360CC8BC8C4}.Release|Any CPU.ActiveCfg = Release|Any CPU
		{DC106B02-41BD-4311-AC33-F360CC8BC8C4}.Release|Any CPU.Build.0 = Release|Any CPU
		{2B89B24F-37CA-4A80-B51E-27530643939D}.Debug|Any CPU.ActiveCfg = Debug|Any CPU
		{2B89B24F-37CA-4A80-B51E-27530643939D}.Debug|Any CPU.Build.0 = Debug|Any CPU
		{2B89B24F-37CA-4A80-B51E-27530643939D}.Release|Any CPU.ActiveCfg = Release|Any CPU
		{2B89B24F-37CA-4A80-B51E-27530643939D}.Release|Any CPU.Build.0 = Release|Any CPU
		{B8BDA696-8132-45AF-8485-E27093AD989D}.Debug|Any CPU.ActiveCfg = Debug|Any CPU
		{B8BDA696-8132-45AF-8485-E27093AD989D}.Debug|Any CPU.Build.0 = Debug|Any CPU
		{B8BDA696-8132-45AF-8485-E27093AD989D}.Release|Any CPU.ActiveCfg = Release|Any CPU
		{B8BDA696-8132-45AF-8485-E27093AD989D}.Release|Any CPU.Build.0 = Release|Any CPU
		{3E7905F5-4336-4FFF-A025-B2D4D00725FE}.Debug|Any CPU.ActiveCfg = Debug|Any CPU
		{3E7905F5-4336-4FFF-A025-B2D4D00725FE}.Debug|Any CPU.Build.0 = Debug|Any CPU
		{3E7905F5-4336-4FFF-A025-B2D4D00725FE}.Release|Any CPU.ActiveCfg = Release|Any CPU
		{3E7905F5-4336-4FFF-A025-B2D4D00725FE}.Release|Any CPU.Build.0 = Release|Any CPU
	EndGlobalSection
	GlobalSection(SolutionProperties) = preSolution
		HideSolutionNode = FALSE
	EndGlobalSection
	GlobalSection(ExtensibilityGlobals) = postSolution
		SolutionGuid = {719CABFE-C36B-43C1-BE41-3F0A8F2A8CEB}
	EndGlobalSection
EndGlobal
